
Microsoft Visual Studio Solution File, Format Version 12.00
# Visual Studio Version 16
VisualStudioVersion = 16.0.34301.259
MinimumVisualStudioVersion = 10.0.40219.1
Project("{FAE04EC0-301F-11D3-BF4B-00C04F79EFBC}") = "FileIO", "FileIO.csproj", "{D76CE6A2-3311-4639-9ADC-33730910DCC4}"
EndProject
Global
	GlobalSection(SolutionConfigurationPlatforms) = preSolution
		Debug|Any CPU = Debug|Any CPU
		Release|Any CPU = Release|Any CPU
	EndGlobalSection
	GlobalSection(ProjectConfigurationPlatforms) = postSolution
		{D76CE6A2-3311-4639-9ADC-33730910DCC4}.Debug|Any CPU.ActiveCfg = Debug|Any CPU
		{D76CE6A2-3311-4639-9ADC-33730910DCC4}.Debug|Any CPU.Build.0 = Debug|Any CPU
		{D76CE6A2-3311-4639-9ADC-33730910DCC4}.Release|Any CPU.ActiveCfg = Release|Any CPU
		{D76CE6A2-3311-4639-9ADC-33730910DCC4}.Release|Any CPU.Build.0 = Release|Any CPU
	EndGlobalSection
	GlobalSection(SolutionProperties) = preSolution
		HideSolutionNode = FALSE
	EndGlobalSection
	GlobalSection(ExtensibilityGlobals) = postSolution
		SolutionGuid = {F29A0E73-8C17-4BB9-9BA7-A4073E1D12C9}
	EndGlobalSection
EndGlobal
